// !$*UTF8*$!
{
	archiveVersion = 1;
	classes = {
	};
	objectVersion = 55;
	objects = {

/* Begin PBXBuildFile section */
		6A04D58728AB03FF00F22ADB /* TicTacToe WatchKit App.app in Embed Watch Content */ = {isa = PBXBuildFile; fileRef = 6A04D58628AB03FF00F22ADB /* TicTacToe WatchKit App.app */; settings = {ATTRIBUTES = (RemoveHeadersOnCopy, ); }; };
		6A04D58C28AB03FF00F22ADB /* Assets.xcassets in Resources */ = {isa = PBXBuildFile; fileRef = 6A04D58B28AB03FF00F22ADB /* Assets.xcassets */; };
		6A04D59228AB040000F22ADB /* TicTacToe WatchKit Extension.appex in Embed App Extensions */ = {isa = PBXBuildFile; fileRef = 6A04D59128AB040000F22ADB /* TicTacToe WatchKit Extension.appex */; settings = {ATTRIBUTES = (RemoveHeadersOnCopy, ); }; };
		6A04D59728AB040000F22ADB /* TicTacToeApp.swift in Sources */ = {isa = PBXBuildFile; fileRef = 6A04D59628AB040000F22ADB /* TicTacToeApp.swift */; };
		6A04D59928AB040000F22ADB /* ContentView.swift in Sources */ = {isa = PBXBuildFile; fileRef = 6A04D59828AB040000F22ADB /* ContentView.swift */; };
		6A04D59B28AB040000F22ADB /* NotificationController.swift in Sources */ = {isa = PBXBuildFile; fileRef = 6A04D59A28AB040000F22ADB /* NotificationController.swift */; };
		6A04D59D28AB040000F22ADB /* NotificationView.swift in Sources */ = {isa = PBXBuildFile; fileRef = 6A04D59C28AB040000F22ADB /* NotificationView.swift */; };
		6A04D59F28AB040000F22ADB /* ComplicationController.swift in Sources */ = {isa = PBXBuildFile; fileRef = 6A04D59E28AB040000F22ADB /* ComplicationController.swift */; };
		6A04D5A128AB040000F22ADB /* Assets.xcassets in Resources */ = {isa = PBXBuildFile; fileRef = 6A04D5A028AB040000F22ADB /* Assets.xcassets */; };
		6A04D5A428AB040000F22ADB /* Preview Assets.xcassets in Resources */ = {isa = PBXBuildFile; fileRef = 6A04D5A328AB040000F22ADB /* Preview Assets.xcassets */; };
		6A04D5B028AB040000F22ADB /* TicTacToeTests.swift in Sources */ = {isa = PBXBuildFile; fileRef = 6A04D5AF28AB040000F22ADB /* TicTacToeTests.swift */; };
		6A04D5BA28AB040000F22ADB /* TicTacToeUITests.swift in Sources */ = {isa = PBXBuildFile; fileRef = 6A04D5B928AB040000F22ADB /* TicTacToeUITests.swift */; };
		6A04D5BC28AB040000F22ADB /* TicTacToeUITestsLaunchTests.swift in Sources */ = {isa = PBXBuildFile; fileRef = 6A04D5BB28AB040000F22ADB /* TicTacToeUITestsLaunchTests.swift */; };
/* End PBXBuildFile section */

/* Begin PBXContainerItemProxy section */
		6A04D58828AB03FF00F22ADB /* PBXContainerItemProxy */ = {
			isa = PBXContainerItemProxy;
			containerPortal = 6A04D57C28AB03FF00F22ADB /* Project object */;
			proxyType = 1;
			remoteGlobalIDString = 6A04D58528AB03FF00F22ADB;
			remoteInfo = "TicTacToe WatchKit App";
		};
		6A04D59328AB040000F22ADB /* PBXContainerItemProxy */ = {
			isa = PBXContainerItemProxy;
			containerPortal = 6A04D57C28AB03FF00F22ADB /* Project object */;
			proxyType = 1;
			remoteGlobalIDString = 6A04D59028AB040000F22ADB;
			remoteInfo = "TicTacToe WatchKit Extension";
		};
		6A04D5AC28AB040000F22ADB /* PBXContainerItemProxy */ = {
			isa = PBXContainerItemProxy;
			containerPortal = 6A04D57C28AB03FF00F22ADB /* Project object */;
			proxyType = 1;
			remoteGlobalIDString = 6A04D59028AB040000F22ADB;
			remoteInfo = "TicTacToe WatchKit Extension";
		};
		6A04D5B628AB040000F22ADB /* PBXContainerItemProxy */ = {
			isa = PBXContainerItemProxy;
			containerPortal = 6A04D57C28AB03FF00F22ADB /* Project object */;
			proxyType = 1;
			remoteGlobalIDString = 6A04D58528AB03FF00F22ADB;
			remoteInfo = "TicTacToe WatchKit App";
		};
/* End PBXContainerItemProxy section */

/* Begin PBXCopyFilesBuildPhase section */
		6A04D5C228AB040000F22ADB /* Embed App Extensions */ = {
			isa = PBXCopyFilesBuildPhase;
			buildActionMask = 2147483647;
			dstPath = "";
			dstSubfolderSpec = 13;
			files = (
				6A04D59228AB040000F22ADB /* TicTacToe WatchKit Extension.appex in Embed App Extensions */,
			);
			name = "Embed App Extensions";
			runOnlyForDeploymentPostprocessing = 0;
		};
		6A04D5C628AB040000F22ADB /* Embed Watch Content */ = {
			isa = PBXCopyFilesBuildPhase;
			buildActionMask = 2147483647;
			dstPath = "$(CONTENTS_FOLDER_PATH)/Watch";
			dstSubfolderSpec = 16;
			files = (
				6A04D58728AB03FF00F22ADB /* TicTacToe WatchKit App.app in Embed Watch Content */,
			);
			name = "Embed Watch Content";
			runOnlyForDeploymentPostprocessing = 0;
		};
/* End PBXCopyFilesBuildPhase section */

/* Begin PBXFileReference section */
		6A04D58228AB03FF00F22ADB /* TicTacToe.app */ = {isa = PBXFileReference; explicitFileType = wrapper.application; includeInIndex = 0; path = TicTacToe.app; sourceTree = BUILT_PRODUCTS_DIR; };
		6A04D58628AB03FF00F22ADB /* TicTacToe WatchKit App.app */ = {isa = PBXFileReference; explicitFileType = wrapper.application; includeInIndex = 0; path = "TicTacToe WatchKit App.app"; sourceTree = BUILT_PRODUCTS_DIR; };
		6A04D58B28AB03FF00F22ADB /* Assets.xcassets */ = {isa = PBXFileReference; lastKnownFileType = folder.assetcatalog; path = Assets.xcassets; sourceTree = "<group>"; };
		6A04D59128AB040000F22ADB /* TicTacToe WatchKit Extension.appex */ = {isa = PBXFileReference; explicitFileType = "wrapper.app-extension"; includeInIndex = 0; path = "TicTacToe WatchKit Extension.appex"; sourceTree = BUILT_PRODUCTS_DIR; };
		6A04D59628AB040000F22ADB /* TicTacToeApp.swift */ = {isa = PBXFileReference; lastKnownFileType = sourcecode.swift; path = TicTacToeApp.swift; sourceTree = "<group>"; };
		6A04D59828AB040000F22ADB /* ContentView.swift */ = {isa = PBXFileReference; lastKnownFileType = sourcecode.swift; path = ContentView.swift; sourceTree = "<group>"; };
		6A04D59A28AB040000F22ADB /* NotificationController.swift */ = {isa = PBXFileReference; lastKnownFileType = sourcecode.swift; path = NotificationController.swift; sourceTree = "<group>"; };
		6A04D59C28AB040000F22ADB /* NotificationView.swift */ = {isa = PBXFileReference; lastKnownFileType = sourcecode.swift; path = NotificationView.swift; sourceTree = "<group>"; };
		6A04D59E28AB040000F22ADB /* ComplicationController.swift */ = {isa = PBXFileReference; lastKnownFileType = sourcecode.swift; path = ComplicationController.swift; sourceTree = "<group>"; };
		6A04D5A028AB040000F22ADB /* Assets.xcassets */ = {isa = PBXFileReference; lastKnownFileType = folder.assetcatalog; path = Assets.xcassets; sourceTree = "<group>"; };
		6A04D5A328AB040000F22ADB /* Preview Assets.xcassets */ = {isa = PBXFileReference; lastKnownFileType = folder.assetcatalog; path = "Preview Assets.xcassets"; sourceTree = "<group>"; };
		6A04D5A528AB040000F22ADB /* Info.plist */ = {isa = PBXFileReference; lastKnownFileType = text.plist.xml; path = Info.plist; sourceTree = "<group>"; };
		6A04D5A628AB040000F22ADB /* PushNotificationPayload.apns */ = {isa = PBXFileReference; lastKnownFileType = text; path = PushNotificationPayload.apns; sourceTree = "<group>"; };
		6A04D5AB28AB040000F22ADB /* TicTacToeTests.xctest */ = {isa = PBXFileReference; explicitFileType = wrapper.cfbundle; includeInIndex = 0; path = TicTacToeTests.xctest; sourceTree = BUILT_PRODUCTS_DIR; };
		6A04D5AF28AB040000F22ADB /* TicTacToeTests.swift */ = {isa = PBXFileReference; lastKnownFileType = sourcecode.swift; path = TicTacToeTests.swift; sourceTree = "<group>"; };
		6A04D5B528AB040000F22ADB /* TicTacToeUITests.xctest */ = {isa = PBXFileReference; explicitFileType = wrapper.cfbundle; includeInIndex = 0; path = TicTacToeUITests.xctest; sourceTree = BUILT_PRODUCTS_DIR; };
		6A04D5B928AB040000F22ADB /* TicTacToeUITests.swift */ = {isa = PBXFileReference; lastKnownFileType = sourcecode.swift; path = TicTacToeUITests.swift; sourceTree = "<group>"; };
		6A04D5BB28AB040000F22ADB /* TicTacToeUITestsLaunchTests.swift */ = {isa = PBXFileReference; lastKnownFileType = sourcecode.swift; path = TicTacToeUITestsLaunchTests.swift; sourceTree = "<group>"; };
/* End PBXFileReference section */

/* Begin PBXFrameworksBuildPhase section */
		6A04D58E28AB040000F22ADB /* Frameworks */ = {
			isa = PBXFrameworksBuildPhase;
			buildActionMask = 2147483647;
			files = (
			);
			runOnlyForDeploymentPostprocessing = 0;
		};
		6A04D5A828AB040000F22ADB /* Frameworks */ = {
			isa = PBXFrameworksBuildPhase;
			buildActionMask = 2147483647;
			files = (
			);
			runOnlyForDeploymentPostprocessing = 0;
		};
		6A04D5B228AB040000F22ADB /* Frameworks */ = {
			isa = PBXFrameworksBuildPhase;
			buildActionMask = 2147483647;
			files = (
			);
			runOnlyForDeploymentPostprocessing = 0;
		};
/* End PBXFrameworksBuildPhase section */

/* Begin PBXGroup section */
		6A04D57B28AB03FF00F22ADB = {
			isa = PBXGroup;
			children = (
				6A04D58A28AB03FF00F22ADB /* TicTacToe WatchKit App */,
				6A04D59528AB040000F22ADB /* TicTacToe WatchKit Extension */,
				6A04D5AE28AB040000F22ADB /* TicTacToeTests */,
				6A04D5B828AB040000F22ADB /* TicTacToeUITests */,
				6A04D58328AB03FF00F22ADB /* Products */,
			);
			sourceTree = "<group>";
		};
		6A04D58328AB03FF00F22ADB /* Products */ = {
			isa = PBXGroup;
			children = (
				6A04D58228AB03FF00F22ADB /* TicTacToe.app */,
				6A04D58628AB03FF00F22ADB /* TicTacToe WatchKit App.app */,
				6A04D59128AB040000F22ADB /* TicTacToe WatchKit Extension.appex */,
				6A04D5AB28AB040000F22ADB /* TicTacToeTests.xctest */,
				6A04D5B528AB040000F22ADB /* TicTacToeUITests.xctest */,
			);
			name = Products;
			sourceTree = "<group>";
		};
		6A04D58A28AB03FF00F22ADB /* TicTacToe WatchKit App */ = {
			isa = PBXGroup;
			children = (
				6A04D58B28AB03FF00F22ADB /* Assets.xcassets */,
			);
			path = "TicTacToe WatchKit App";
			sourceTree = "<group>";
		};
		6A04D59528AB040000F22ADB /* TicTacToe WatchKit Extension */ = {
			isa = PBXGroup;
			children = (
				6A04D59628AB040000F22ADB /* TicTacToeApp.swift */,
				6A04D59828AB040000F22ADB /* ContentView.swift */,
				6A04D59A28AB040000F22ADB /* NotificationController.swift */,
				6A04D59C28AB040000F22ADB /* NotificationView.swift */,
				6A04D59E28AB040000F22ADB /* ComplicationController.swift */,
				6A04D5A028AB040000F22ADB /* Assets.xcassets */,
				6A04D5A528AB040000F22ADB /* Info.plist */,
				6A04D5A628AB040000F22ADB /* PushNotificationPayload.apns */,
				6A04D5A228AB040000F22ADB /* Preview Content */,
			);
			path = "TicTacToe WatchKit Extension";
			sourceTree = "<group>";
		};
		6A04D5A228AB040000F22ADB /* Preview Content */ = {
			isa = PBXGroup;
			children = (
				6A04D5A328AB040000F22ADB /* Preview Assets.xcassets */,
			);
			path = "Preview Content";
			sourceTree = "<group>";
		};
		6A04D5AE28AB040000F22ADB /* TicTacToeTests */ = {
			isa = PBXGroup;
			children = (
				6A04D5AF28AB040000F22ADB /* TicTacToeTests.swift */,
			);
			path = TicTacToeTests;
			sourceTree = "<group>";
		};
		6A04D5B828AB040000F22ADB /* TicTacToeUITests */ = {
			isa = PBXGroup;
			children = (
				6A04D5B928AB040000F22ADB /* TicTacToeUITests.swift */,
				6A04D5BB28AB040000F22ADB /* TicTacToeUITestsLaunchTests.swift */,
			);
			path = TicTacToeUITests;
			sourceTree = "<group>";
		};
/* End PBXGroup section */

/* Begin PBXNativeTarget section */
		6A04D58128AB03FF00F22ADB /* TicTacToe */ = {
			isa = PBXNativeTarget;
			buildConfigurationList = 6A04D5C728AB040000F22ADB /* Build configuration list for PBXNativeTarget "TicTacToe" */;
			buildPhases = (
				6A04D58028AB03FF00F22ADB /* Resources */,
				6A04D5C628AB040000F22ADB /* Embed Watch Content */,
			);
			buildRules = (
			);
			dependencies = (
				6A04D58928AB03FF00F22ADB /* PBXTargetDependency */,
			);
			name = TicTacToe;
			productName = TicTacToe;
			productReference = 6A04D58228AB03FF00F22ADB /* TicTacToe.app */;
			productType = "com.apple.product-type.application.watchapp2-container";
		};
		6A04D58528AB03FF00F22ADB /* TicTacToe WatchKit App */ = {
			isa = PBXNativeTarget;
			buildConfigurationList = 6A04D5C328AB040000F22ADB /* Build configuration list for PBXNativeTarget "TicTacToe WatchKit App" */;
			buildPhases = (
				6A04D58428AB03FF00F22ADB /* Resources */,
				6A04D5C228AB040000F22ADB /* Embed App Extensions */,
			);
			buildRules = (
			);
			dependencies = (
				6A04D59428AB040000F22ADB /* PBXTargetDependency */,
			);
			name = "TicTacToe WatchKit App";
			productName = "TicTacToe WatchKit App";
			productReference = 6A04D58628AB03FF00F22ADB /* TicTacToe WatchKit App.app */;
			productType = "com.apple.product-type.application.watchapp2";
		};
		6A04D59028AB040000F22ADB /* TicTacToe WatchKit Extension */ = {
			isa = PBXNativeTarget;
			buildConfigurationList = 6A04D5BF28AB040000F22ADB /* Build configuration list for PBXNativeTarget "TicTacToe WatchKit Extension" */;
			buildPhases = (
				6A04D58D28AB040000F22ADB /* Sources */,
				6A04D58E28AB040000F22ADB /* Frameworks */,
				6A04D58F28AB040000F22ADB /* Resources */,
			);
			buildRules = (
			);
			dependencies = (
			);
			name = "TicTacToe WatchKit Extension";
			productName = "TicTacToe WatchKit Extension";
			productReference = 6A04D59128AB040000F22ADB /* TicTacToe WatchKit Extension.appex */;
			productType = "com.apple.product-type.watchkit2-extension";
		};
		6A04D5AA28AB040000F22ADB /* TicTacToeTests */ = {
			isa = PBXNativeTarget;
			buildConfigurationList = 6A04D5CA28AB040000F22ADB /* Build configuration list for PBXNativeTarget "TicTacToeTests" */;
			buildPhases = (
				6A04D5A728AB040000F22ADB /* Sources */,
				6A04D5A828AB040000F22ADB /* Frameworks */,
				6A04D5A928AB040000F22ADB /* Resources */,
			);
			buildRules = (
			);
			dependencies = (
				6A04D5AD28AB040000F22ADB /* PBXTargetDependency */,
			);
			name = TicTacToeTests;
			productName = TicTacToeTests;
			productReference = 6A04D5AB28AB040000F22ADB /* TicTacToeTests.xctest */;
			productType = "com.apple.product-type.bundle.unit-test";
		};
		6A04D5B428AB040000F22ADB /* TicTacToeUITests */ = {
			isa = PBXNativeTarget;
			buildConfigurationList = 6A04D5CD28AB040000F22ADB /* Build configuration list for PBXNativeTarget "TicTacToeUITests" */;
			buildPhases = (
				6A04D5B128AB040000F22ADB /* Sources */,
				6A04D5B228AB040000F22ADB /* Frameworks */,
				6A04D5B328AB040000F22ADB /* Resources */,
			);
			buildRules = (
			);
			dependencies = (
				6A04D5B728AB040000F22ADB /* PBXTargetDependency */,
			);
			name = TicTacToeUITests;
			productName = TicTacToeUITests;
			productReference = 6A04D5B528AB040000F22ADB /* TicTacToeUITests.xctest */;
			productType = "com.apple.product-type.bundle.ui-testing";
		};
/* End PBXNativeTarget section */

/* Begin PBXProject section */
		6A04D57C28AB03FF00F22ADB /* Project object */ = {
			isa = PBXProject;
			attributes = {
				BuildIndependentTargetsInParallel = 1;
				LastSwiftUpdateCheck = 1340;
				LastUpgradeCheck = 1340;
				TargetAttributes = {
					6A04D58128AB03FF00F22ADB = {
						CreatedOnToolsVersion = 13.4.1;
					};
					6A04D58528AB03FF00F22ADB = {
						CreatedOnToolsVersion = 13.4.1;
					};
					6A04D59028AB040000F22ADB = {
						CreatedOnToolsVersion = 13.4.1;
					};
					6A04D5AA28AB040000F22ADB = {
						CreatedOnToolsVersion = 13.4.1;
						TestTargetID = 6A04D59028AB040000F22ADB;
					};
					6A04D5B428AB040000F22ADB = {
						CreatedOnToolsVersion = 13.4.1;
						TestTargetID = 6A04D58528AB03FF00F22ADB;
					};
				};
			};
			buildConfigurationList = 6A04D57F28AB03FF00F22ADB /* Build configuration list for PBXProject "TicTacToe" */;
			compatibilityVersion = "Xcode 13.0";
			developmentRegion = en;
			hasScannedForEncodings = 0;
			knownRegions = (
				en,
				Base,
			);
			mainGroup = 6A04D57B28AB03FF00F22ADB;
			productRefGroup = 6A04D58328AB03FF00F22ADB /* Products */;
			projectDirPath = "";
			projectRoot = "";
			targets = (
				6A04D58128AB03FF00F22ADB /* TicTacToe */,
				6A04D58528AB03FF00F22ADB /* TicTacToe WatchKit App */,
				6A04D59028AB040000F22ADB /* TicTacToe WatchKit Extension */,
				6A04D5AA28AB040000F22ADB /* TicTacToeTests */,
				6A04D5B428AB040000F22ADB /* TicTacToeUITests */,
			);
		};
/* End PBXProject section */

/* Begin PBXResourcesBuildPhase section */
		6A04D58028AB03FF00F22ADB /* Resources */ = {
			isa = PBXResourcesBuildPhase;
			buildActionMask = 2147483647;
			files = (
			);
			runOnlyForDeploymentPostprocessing = 0;
		};
		6A04D58428AB03FF00F22ADB /* Resources */ = {
			isa = PBXResourcesBuildPhase;
			buildActionMask = 2147483647;
			files = (
				6A04D58C28AB03FF00F22ADB /* Assets.xcassets in Resources */,
			);
			runOnlyForDeploymentPostprocessing = 0;
		};
		6A04D58F28AB040000F22ADB /* Resources */ = {
			isa = PBXResourcesBuildPhase;
			buildActionMask = 2147483647;
			files = (
				6A04D5A428AB040000F22ADB /* Preview Assets.xcassets in Resources */,
				6A04D5A128AB040000F22ADB /* Assets.xcassets in Resources */,
			);
			runOnlyForDeploymentPostprocessing = 0;
		};
		6A04D5A928AB040000F22ADB /* Resources */ = {
			isa = PBXResourcesBuildPhase;
			buildActionMask = 2147483647;
			files = (
			);
			runOnlyForDeploymentPostprocessing = 0;
		};
		6A04D5B328AB040000F22ADB /* Resources */ = {
			isa = PBXResourcesBuildPhase;
			buildActionMask = 2147483647;
			files = (
			);
			runOnlyForDeploymentPostprocessing = 0;
		};
/* End PBXResourcesBuildPhase section */

/* Begin PBXSourcesBuildPhase section */
		6A04D58D28AB040000F22ADB /* Sources */ = {
			isa = PBXSourcesBuildPhase;
			buildActionMask = 2147483647;
			files = (
				6A04D59B28AB040000F22ADB /* NotificationController.swift in Sources */,
				6A04D59928AB040000F22ADB /* ContentView.swift in Sources */,
				6A04D59F28AB040000F22ADB /* ComplicationController.swift in Sources */,
				6A04D59728AB040000F22ADB /* TicTacToeApp.swift in Sources */,
				6A04D59D28AB040000F22ADB /* NotificationView.swift in Sources */,
			);
			runOnlyForDeploymentPostprocessing = 0;
		};
		6A04D5A728AB040000F22ADB /* Sources */ = {
			isa = PBXSourcesBuildPhase;
			buildActionMask = 2147483647;
			files = (
				6A04D5B028AB040000F22ADB /* TicTacToeTests.swift in Sources */,
			);
			runOnlyForDeploymentPostprocessing = 0;
		};
		6A04D5B128AB040000F22ADB /* Sources */ = {
			isa = PBXSourcesBuildPhase;
			buildActionMask = 2147483647;
			files = (
				6A04D5BA28AB040000F22ADB /* TicTacToeUITests.swift in Sources */,
				6A04D5BC28AB040000F22ADB /* TicTacToeUITestsLaunchTests.swift in Sources */,
			);
			runOnlyForDeploymentPostprocessing = 0;
		};
/* End PBXSourcesBuildPhase section */

/* Begin PBXTargetDependency section */
		6A04D58928AB03FF00F22ADB /* PBXTargetDependency */ = {
			isa = PBXTargetDependency;
			target = 6A04D58528AB03FF00F22ADB /* TicTacToe WatchKit App */;
			targetProxy = 6A04D58828AB03FF00F22ADB /* PBXContainerItemProxy */;
		};
		6A04D59428AB040000F22ADB /* PBXTargetDependency */ = {
			isa = PBXTargetDependency;
			target = 6A04D59028AB040000F22ADB /* TicTacToe WatchKit Extension */;
			targetProxy = 6A04D59328AB040000F22ADB /* PBXContainerItemProxy */;
		};
		6A04D5AD28AB040000F22ADB /* PBXTargetDependency */ = {
			isa = PBXTargetDependency;
			target = 6A04D59028AB040000F22ADB /* TicTacToe WatchKit Extension */;
			targetProxy = 6A04D5AC28AB040000F22ADB /* PBXContainerItemProxy */;
		};
		6A04D5B728AB040000F22ADB /* PBXTargetDependency */ = {
			isa = PBXTargetDependency;
			target = 6A04D58528AB03FF00F22ADB /* TicTacToe WatchKit App */;
			targetProxy = 6A04D5B628AB040000F22ADB /* PBXContainerItemProxy */;
		};
/* End PBXTargetDependency section */

/* Begin XCBuildConfiguration section */
		6A04D5BD28AB040000F22ADB /* Debug */ = {
			isa = XCBuildConfiguration;
			buildSettings = {
				ALWAYS_SEARCH_USER_PATHS = NO;
				CLANG_ANALYZER_NONNULL = YES;
				CLANG_ANALYZER_NUMBER_OBJECT_CONVERSION = YES_AGGRESSIVE;
				CLANG_CXX_LANGUAGE_STANDARD = "gnu++17";
				CLANG_ENABLE_MODULES = YES;
				CLANG_ENABLE_OBJC_ARC = YES;
				CLANG_ENABLE_OBJC_WEAK = YES;
				CLANG_WARN_BLOCK_CAPTURE_AUTORELEASING = YES;
				CLANG_WARN_BOOL_CONVERSION = YES;
				CLANG_WARN_COMMA = YES;
				CLANG_WARN_CONSTANT_CONVERSION = YES;
				CLANG_WARN_DEPRECATED_OBJC_IMPLEMENTATIONS = YES;
				CLANG_WARN_DIRECT_OBJC_ISA_USAGE = YES_ERROR;
				CLANG_WARN_DOCUMENTATION_COMMENTS = YES;
				CLANG_WARN_EMPTY_BODY = YES;
				CLANG_WARN_ENUM_CONVERSION = YES;
				CLANG_WARN_INFINITE_RECURSION = YES;
				CLANG_WARN_INT_CONVERSION = YES;
				CLANG_WARN_NON_LITERAL_NULL_CONVERSION = YES;
				CLANG_WARN_OBJC_IMPLICIT_RETAIN_SELF = YES;
				CLANG_WARN_OBJC_LITERAL_CONVERSION = YES;
				CLANG_WARN_OBJC_ROOT_CLASS = YES_ERROR;
				CLANG_WARN_QUOTED_INCLUDE_IN_FRAMEWORK_HEADER = YES;
				CLANG_WARN_RANGE_LOOP_ANALYSIS = YES;
				CLANG_WARN_STRICT_PROTOTYPES = YES;
				CLANG_WARN_SUSPICIOUS_MOVE = YES;
				CLANG_WARN_UNGUARDED_AVAILABILITY = YES_AGGRESSIVE;
				CLANG_WARN_UNREACHABLE_CODE = YES;
				CLANG_WARN__DUPLICATE_METHOD_MATCH = YES;
				COPY_PHASE_STRIP = NO;
				DEBUG_INFORMATION_FORMAT = dwarf;
				ENABLE_STRICT_OBJC_MSGSEND = YES;
				ENABLE_TESTABILITY = YES;
				GCC_C_LANGUAGE_STANDARD = gnu11;
				GCC_DYNAMIC_NO_PIC = NO;
				GCC_NO_COMMON_BLOCKS = YES;
				GCC_OPTIMIZATION_LEVEL = 0;
				GCC_PREPROCESSOR_DEFINITIONS = (
					"DEBUG=1",
					"$(inherited)",
				);
				GCC_WARN_64_TO_32_BIT_CONVERSION = YES;
				GCC_WARN_ABOUT_RETURN_TYPE = YES_ERROR;
				GCC_WARN_UNDECLARED_SELECTOR = YES;
				GCC_WARN_UNINITIALIZED_AUTOS = YES_AGGRESSIVE;
				GCC_WARN_UNUSED_FUNCTION = YES;
				GCC_WARN_UNUSED_VARIABLE = YES;
				MTL_ENABLE_DEBUG_INFO = INCLUDE_SOURCE;
				MTL_FAST_MATH = YES;
				ONLY_ACTIVE_ARCH = YES;
				SDKROOT = iphoneos;
				SWIFT_ACTIVE_COMPILATION_CONDITIONS = DEBUG;
				SWIFT_OPTIMIZATION_LEVEL = "-Onone";
			};
			name = Debug;
		};
		6A04D5BE28AB040000F22ADB /* Release */ = {
			isa = XCBuildConfiguration;
			buildSettings = {
				ALWAYS_SEARCH_USER_PATHS = NO;
				CLANG_ANALYZER_NONNULL = YES;
				CLANG_ANALYZER_NUMBER_OBJECT_CONVERSION = YES_AGGRESSIVE;
				CLANG_CXX_LANGUAGE_STANDARD = "gnu++17";
				CLANG_ENABLE_MODULES = YES;
				CLANG_ENABLE_OBJC_ARC = YES;
				CLANG_ENABLE_OBJC_WEAK = YES;
				CLANG_WARN_BLOCK_CAPTURE_AUTORELEASING = YES;
				CLANG_WARN_BOOL_CONVERSION = YES;
				CLANG_WARN_COMMA = YES;
				CLANG_WARN_CONSTANT_CONVERSION = YES;
				CLANG_WARN_DEPRECATED_OBJC_IMPLEMENTATIONS = YES;
				CLANG_WARN_DIRECT_OBJC_ISA_USAGE = YES_ERROR;
				CLANG_WARN_DOCUMENTATION_COMMENTS = YES;
				CLANG_WARN_EMPTY_BODY = YES;
				CLANG_WARN_ENUM_CONVERSION = YES;
				CLANG_WARN_INFINITE_RECURSION = YES;
				CLANG_WARN_INT_CONVERSION = YES;
				CLANG_WARN_NON_LITERAL_NULL_CONVERSION = YES;
				CLANG_WARN_OBJC_IMPLICIT_RETAIN_SELF = YES;
				CLANG_WARN_OBJC_LITERAL_CONVERSION = YES;
				CLANG_WARN_OBJC_ROOT_CLASS = YES_ERROR;
				CLANG_WARN_QUOTED_INCLUDE_IN_FRAMEWORK_HEADER = YES;
				CLANG_WARN_RANGE_LOOP_ANALYSIS = YES;
				CLANG_WARN_STRICT_PROTOTYPES = YES;
				CLANG_WARN_SUSPICIOUS_MOVE = YES;
				CLANG_WARN_UNGUARDED_AVAILABILITY = YES_AGGRESSIVE;
				CLANG_WARN_UNREACHABLE_CODE = YES;
				CLANG_WARN__DUPLICATE_METHOD_MATCH = YES;
				COPY_PHASE_STRIP = NO;
				DEBUG_INFORMATION_FORMAT = "dwarf-with-dsym";
				ENABLE_NS_ASSERTIONS = NO;
				ENABLE_STRICT_OBJC_MSGSEND = YES;
				GCC_C_LANGUAGE_STANDARD = gnu11;
				GCC_NO_COMMON_BLOCKS = YES;
				GCC_WARN_64_TO_32_BIT_CONVERSION = YES;
				GCC_WARN_ABOUT_RETURN_TYPE = YES_ERROR;
				GCC_WARN_UNDECLARED_SELECTOR = YES;
				GCC_WARN_UNINITIALIZED_AUTOS = YES_AGGRESSIVE;
				GCC_WARN_UNUSED_FUNCTION = YES;
				GCC_WARN_UNUSED_VARIABLE = YES;
				MTL_ENABLE_DEBUG_INFO = NO;
				MTL_FAST_MATH = YES;
				SDKROOT = iphoneos;
				SWIFT_COMPILATION_MODE = wholemodule;
				SWIFT_OPTIMIZATION_LEVEL = "-O";
				VALIDATE_PRODUCT = YES;
			};
			name = Release;
		};
		6A04D5C028AB040000F22ADB /* Debug */ = {
			isa = XCBuildConfiguration;
			buildSettings = {
				ASSETCATALOG_COMPILER_COMPLICATION_NAME = Complication;
				CODE_SIGN_STYLE = Automatic;
				CURRENT_PROJECT_VERSION = 1;
				DEVELOPMENT_ASSET_PATHS = "\"TicTacToe WatchKit Extension/Preview Content\"";
				DEVELOPMENT_TEAM = PZKW93GD82;
				ENABLE_PREVIEWS = YES;
				GENERATE_INFOPLIST_FILE = YES;
				INFOPLIST_FILE = "TicTacToe WatchKit Extension/Info.plist";
				INFOPLIST_KEY_CFBundleDisplayName = "TicTacToe WatchKit Extension";
				INFOPLIST_KEY_CLKComplicationPrincipalClass = TicTacToe_WatchKit_Extension.ComplicationController;
				INFOPLIST_KEY_NSHumanReadableCopyright = "";
				INFOPLIST_KEY_WKWatchOnly = YES;
				LD_RUNPATH_SEARCH_PATHS = (
					"$(inherited)",
					"@executable_path/Frameworks",
					"@executable_path/../../Frameworks",
				);
				MARKETING_VERSION = 2.0;
				PRODUCT_BUNDLE_IDENTIFIER = com.tristancamejo.TicTacToe.watchkitapp.watchkitextension;
				PRODUCT_NAME = "${TARGET_NAME}";
				SDKROOT = watchos;
				SKIP_INSTALL = YES;
				SWIFT_EMIT_LOC_STRINGS = YES;
				SWIFT_VERSION = 5.0;
				TARGETED_DEVICE_FAMILY = 4;
				WATCHOS_DEPLOYMENT_TARGET = 8.5;
			};
			name = Debug;
		};
		6A04D5C128AB040000F22ADB /* Release */ = {
			isa = XCBuildConfiguration;
			buildSettings = {
				ASSETCATALOG_COMPILER_COMPLICATION_NAME = Complication;
				CODE_SIGN_STYLE = Automatic;
				CURRENT_PROJECT_VERSION = 1;
				DEVELOPMENT_ASSET_PATHS = "\"TicTacToe WatchKit Extension/Preview Content\"";
				DEVELOPMENT_TEAM = PZKW93GD82;
				ENABLE_PREVIEWS = YES;
				GENERATE_INFOPLIST_FILE = YES;
				INFOPLIST_FILE = "TicTacToe WatchKit Extension/Info.plist";
				INFOPLIST_KEY_CFBundleDisplayName = "TicTacToe WatchKit Extension";
				INFOPLIST_KEY_CLKComplicationPrincipalClass = TicTacToe_WatchKit_Extension.ComplicationController;
				INFOPLIST_KEY_NSHumanReadableCopyright = "";
				INFOPLIST_KEY_WKWatchOnly = YES;
				LD_RUNPATH_SEARCH_PATHS = (
					"$(inherited)",
					"@executable_path/Frameworks",
					"@executable_path/../../Frameworks",
				);
				MARKETING_VERSION = 2.0;
				PRODUCT_BUNDLE_IDENTIFIER = com.tristancamejo.TicTacToe.watchkitapp.watchkitextension;
				PRODUCT_NAME = "${TARGET_NAME}";
				SDKROOT = watchos;
				SKIP_INSTALL = YES;
				SWIFT_EMIT_LOC_STRINGS = YES;
				SWIFT_VERSION = 5.0;
				TARGETED_DEVICE_FAMILY = 4;
				WATCHOS_DEPLOYMENT_TARGET = 8.5;
			};
			name = Release;
		};
		6A04D5C428AB040000F22ADB /* Debug */ = {
			isa = XCBuildConfiguration;
			buildSettings = {
				ALWAYS_EMBED_SWIFT_STANDARD_LIBRARIES = YES;
				ASSETCATALOG_COMPILER_APPICON_NAME = AppIcon;
				ASSETCATALOG_COMPILER_GLOBAL_ACCENT_COLOR_NAME = AccentColor;
				CODE_SIGN_STYLE = Automatic;
				CURRENT_PROJECT_VERSION = 1;
				DEVELOPMENT_TEAM = PZKW93GD82;
				GENERATE_INFOPLIST_FILE = YES;
				IBSC_MODULE = TicTacToe_WatchKit_Extension;
				INFOPLIST_KEY_CFBundleDisplayName = "TicTacToe WatchKit App";
				INFOPLIST_KEY_UISupportedInterfaceOrientations = "UIInterfaceOrientationPortrait UIInterfaceOrientationPortraitUpsideDown";
				MARKETING_VERSION = 1.0;
				PRODUCT_BUNDLE_IDENTIFIER = com.tristancamejo.TicTacToe.watchkitapp;
				PRODUCT_NAME = "$(TARGET_NAME)";
				SDKROOT = watchos;
				SKIP_INSTALL = YES;
				SWIFT_EMIT_LOC_STRINGS = YES;
				SWIFT_VERSION = 5.0;
				TARGETED_DEVICE_FAMILY = 4;
				WATCHOS_DEPLOYMENT_TARGET = 8.5;
			};
			name = Debug;
		};
		6A04D5C528AB040000F22ADB /* Release */ = {
			isa = XCBuildConfiguration;
			buildSettings = {
				ALWAYS_EMBED_SWIFT_STANDARD_LIBRARIES = YES;
				ASSETCATALOG_COMPILER_APPICON_NAME = AppIcon;
				ASSETCATALOG_COMPILER_GLOBAL_ACCENT_COLOR_NAME = AccentColor;
				CODE_SIGN_STYLE = Automatic;
				CURRENT_PROJECT_VERSION = 1;
				DEVELOPMENT_TEAM = PZKW93GD82;
				GENERATE_INFOPLIST_FILE = YES;
				IBSC_MODULE = TicTacToe_WatchKit_Extension;
				INFOPLIST_KEY_CFBundleDisplayName = "TicTacToe WatchKit App";
				INFOPLIST_KEY_UISupportedInterfaceOrientations = "UIInterfaceOrientationPortrait UIInterfaceOrientationPortraitUpsideDown";
				MARKETING_VERSION = 1.0;
				PRODUCT_BUNDLE_IDENTIFIER = com.tristancamejo.TicTacToe.watchkitapp;
				PRODUCT_NAME = "$(TARGET_NAME)";
				SDKROOT = watchos;
				SKIP_INSTALL = YES;
				SWIFT_EMIT_LOC_STRINGS = YES;
				SWIFT_VERSION = 5.0;
				TARGETED_DEVICE_FAMILY = 4;
				WATCHOS_DEPLOYMENT_TARGET = 8.5;
			};
			name = Release;
		};
		6A04D5C828AB040000F22ADB /* Debug */ = {
			isa = XCBuildConfiguration;
			buildSettings = {
				CODE_SIGN_STYLE = Automatic;
				CURRENT_PROJECT_VERSION = 1;
				DEVELOPMENT_TEAM = PZKW93GD82;
				MARKETING_VERSION = 1.0;
				PRODUCT_BUNDLE_IDENTIFIER = com.tristancamejo.TicTacToe;
				PRODUCT_NAME = "$(TARGET_NAME)";
				SWIFT_VERSION = 5.0;
			};
			name = Debug;
		};
		6A04D5C928AB040000F22ADB /* Release */ = {
			isa = XCBuildConfiguration;
			buildSettings = {
				CODE_SIGN_STYLE = Automatic;
				CURRENT_PROJECT_VERSION = 1;
				DEVELOPMENT_TEAM = PZKW93GD82;
				MARKETING_VERSION = 1.0;
				PRODUCT_BUNDLE_IDENTIFIER = com.tristancamejo.TicTacToe;
				PRODUCT_NAME = "$(TARGET_NAME)";
				SWIFT_VERSION = 5.0;
			};
			name = Release;
		};
		6A04D5CB28AB040000F22ADB /* Debug */ = {
			isa = XCBuildConfiguration;
			buildSettings = {
				ALWAYS_EMBED_SWIFT_STANDARD_LIBRARIES = YES;
				BUNDLE_LOADER = "$(TEST_HOST)";
				CODE_SIGN_STYLE = Automatic;
				CURRENT_PROJECT_VERSION = 1;
				DEVELOPMENT_TEAM = PZKW93GD82;
				GENERATE_INFOPLIST_FILE = YES;
				MARKETING_VERSION = 1.0;
				PRODUCT_BUNDLE_IDENTIFIER = com.tristancamejo.TicTacToeTests;
				PRODUCT_NAME = "$(TARGET_NAME)";
				SDKROOT = watchos;
				SWIFT_EMIT_LOC_STRINGS = NO;
				SWIFT_VERSION = 5.0;
				TARGETED_DEVICE_FAMILY = 4;
				TEST_HOST = "$(BUILT_PRODUCTS_DIR)/TicTacToe WatchKit Extension.appex/TicTacToe WatchKit Extension";
				WATCHOS_DEPLOYMENT_TARGET = 8.5;
			};
			name = Debug;
		};
		6A04D5CC28AB040000F22ADB /* Release */ = {
			isa = XCBuildConfiguration;
			buildSettings = {
				ALWAYS_EMBED_SWIFT_STANDARD_LIBRARIES = YES;
				BUNDLE_LOADER = "$(TEST_HOST)";
				CODE_SIGN_STYLE = Automatic;
				CURRENT_PROJECT_VERSION = 1;
				DEVELOPMENT_TEAM = PZKW93GD82;
				GENERATE_INFOPLIST_FILE = YES;
				MARKETING_VERSION = 1.0;
				PRODUCT_BUNDLE_IDENTIFIER = com.tristancamejo.TicTacToeTests;
				PRODUCT_NAME = "$(TARGET_NAME)";
				SDKROOT = watchos;
				SWIFT_EMIT_LOC_STRINGS = NO;
				SWIFT_VERSION = 5.0;
				TARGETED_DEVICE_FAMILY = 4;
				TEST_HOST = "$(BUILT_PRODUCTS_DIR)/TicTacToe WatchKit Extension.appex/TicTacToe WatchKit Extension";
				WATCHOS_DEPLOYMENT_TARGET = 8.5;
			};
			name = Release;
		};
		6A04D5CE28AB040000F22ADB /* Debug */ = {
			isa = XCBuildConfiguration;
			buildSettings = {
				CODE_SIGN_STYLE = Automatic;
				CURRENT_PROJECT_VERSION = 1;
				DEVELOPMENT_TEAM = PZKW93GD82;
				GENERATE_INFOPLIST_FILE = YES;
				MARKETING_VERSION = 1.0;
				PRODUCT_BUNDLE_IDENTIFIER = com.tristancamejo.TicTacToeUITests;
				PRODUCT_NAME = "$(TARGET_NAME)";
				SDKROOT = watchos;
				SWIFT_EMIT_LOC_STRINGS = NO;
				SWIFT_VERSION = 5.0;
				TARGETED_DEVICE_FAMILY = 4;
				TEST_TARGET_NAME = "TicTacToe WatchKit App";
				WATCHOS_DEPLOYMENT_TARGET = 8.5;
			};
			name = Debug;
		};
		6A04D5CF28AB040000F22ADB /* Release */ = {
			isa = XCBuildConfiguration;
			buildSettings = {
				CODE_SIGN_STYLE = Automatic;
				CURRENT_PROJECT_VERSION = 1;
				DEVELOPMENT_TEAM = PZKW93GD82;
				GENERATE_INFOPLIST_FILE = YES;
				MARKETING_VERSION = 1.0;
				PRODUCT_BUNDLE_IDENTIFIER = com.tristancamejo.TicTacToeUITests;
				PRODUCT_NAME = "$(TARGET_NAME)";
				SDKROOT = watchos;
				SWIFT_EMIT_LOC_STRINGS = NO;
				SWIFT_VERSION = 5.0;
				TARGETED_DEVICE_FAMILY = 4;
				TEST_TARGET_NAME = "TicTacToe WatchKit App";
				WATCHOS_DEPLOYMENT_TARGET = 8.5;
			};
			name = Release;
		};
/* End XCBuildConfiguration section */

/* Begin XCConfigurationList section */
		6A04D57F28AB03FF00F22ADB /* Build configuration list for PBXProject "TicTacToe" */ = {
			isa = XCConfigurationList;
			buildConfigurations = (
				6A04D5BD28AB040000F22ADB /* Debug */,
				6A04D5BE28AB040000F22ADB /* Release */,
			);
			defaultConfigurationIsVisible = 0;
			defaultConfigurationName = Release;
		};
		6A04D5BF28AB040000F22ADB /* Build configuration list for PBXNativeTarget "TicTacToe WatchKit Extension" */ = {
			isa = XCConfigurationList;
			buildConfigurations = (
				6A04D5C028AB040000F22ADB /* Debug */,
				6A04D5C128AB040000F22ADB /* Release */,
			);
			defaultConfigurationIsVisible = 0;
			defaultConfigurationName = Release;
		};
		6A04D5C328AB040000F22ADB /* Build configuration list for PBXNativeTarget "TicTacToe WatchKit App" */ = {
			isa = XCConfigurationList;
			buildConfigurations = (
				6A04D5C428AB040000F22ADB /* Debug */,
				6A04D5C528AB040000F22ADB /* Release */,
			);
			defaultConfigurationIsVisible = 0;
			defaultConfigurationName = Release;
		};
		6A04D5C728AB040000F22ADB /* Build configuration list for PBXNativeTarget "TicTacToe" */ = {
			isa = XCConfigurationList;
			buildConfigurations = (
				6A04D5C828AB040000F22ADB /* Debug */,
				6A04D5C928AB040000F22ADB /* Release */,
			);
			defaultConfigurationIsVisible = 0;
			defaultConfigurationName = Release;
		};
		6A04D5CA28AB040000F22ADB /* Build configuration list for PBXNativeTarget "TicTacToeTests" */ = {
			isa = XCConfigurationList;
			buildConfigurations = (
				6A04D5CB28AB040000F22ADB /* Debug */,
				6A04D5CC28AB040000F22ADB /* Release */,
			);
			defaultConfigurationIsVisible = 0;
			defaultConfigurationName = Release;
		};
		6A04D5CD28AB040000F22ADB /* Build configuration list for PBXNativeTarget "TicTacToeUITests" */ = {
			isa = XCConfigurationList;
			buildConfigurations = (
				6A04D5CE28AB040000F22ADB /* Debug */,
				6A04D5CF28AB040000F22ADB /* Release */,
			);
			defaultConfigurationIsVisible = 0;
			defaultConfigurationName = Release;
		};
/* End XCConfigurationList section */
	};
	rootObject = 6A04D57C28AB03FF00F22ADB /* Project object */;
}
